// !$*UTF8*$!
{
	archiveVersion = 1;
	classes = {
	};
	objectVersion = 50;
	objects = {

/* Begin PBXBuildFile section */
		6FE95EAC25305CD900304315 /* Save_A_RooApp.swift in Sources */ = {isa = PBXBuildFile; fileRef = 6FE95EAB25305CD900304315 /* Save_A_RooApp.swift */; };
		6FE95EAE25305CD900304315 /* ContentView.swift in Sources */ = {isa = PBXBuildFile; fileRef = 6FE95EAD25305CD900304315 /* ContentView.swift */; };
		6FE95EB025305CDA00304315 /* Assets.xcassets in Resources */ = {isa = PBXBuildFile; fileRef = 6FE95EAF25305CDA00304315 /* Assets.xcassets */; };
		6FE95EB325305CDA00304315 /* Preview Assets.xcassets in Resources */ = {isa = PBXBuildFile; fileRef = 6FE95EB225305CDA00304315 /* Preview Assets.xcassets */; };
		6FE95EBE25305CDA00304315 /* Save_A_RooTests.swift in Sources */ = {isa = PBXBuildFile; fileRef = 6FE95EBD25305CDA00304315 /* Save_A_RooTests.swift */; };
		6FE95EC925305CDA00304315 /* Save_A_RooUITests.swift in Sources */ = {isa = PBXBuildFile; fileRef = 6FE95EC825305CDA00304315 /* Save_A_RooUITests.swift */; };
/* End PBXBuildFile section */

/* Begin PBXContainerItemProxy section */
		6FE95EBA25305CDA00304315 /* PBXContainerItemProxy */ = {
			isa = PBXContainerItemProxy;
			containerPortal = 6FE95EA025305CD900304315 /* Project object */;
			proxyType = 1;
			remoteGlobalIDString = 6FE95EA725305CD900304315;
			remoteInfo = "Save-A-Roo";
		};
		6FE95EC525305CDA00304315 /* PBXContainerItemProxy */ = {
			isa = PBXContainerItemProxy;
			containerPortal = 6FE95EA025305CD900304315 /* Project object */;
			proxyType = 1;
			remoteGlobalIDString = 6FE95EA725305CD900304315;
			remoteInfo = "Save-A-Roo";
		};
/* End PBXContainerItemProxy section */

/* Begin PBXFileReference section */
		6FE95EA825305CD900304315 /* Save-A-Roo.app */ = {isa = PBXFileReference; explicitFileType = wrapper.application; includeInIndex = 0; path = "Save-A-Roo.app"; sourceTree = BUILT_PRODUCTS_DIR; };
		6FE95EAB25305CD900304315 /* Save_A_RooApp.swift */ = {isa = PBXFileReference; lastKnownFileType = sourcecode.swift; path = Save_A_RooApp.swift; sourceTree = "<group>"; };
		6FE95EAD25305CD900304315 /* ContentView.swift */ = {isa = PBXFileReference; lastKnownFileType = sourcecode.swift; path = ContentView.swift; sourceTree = "<group>"; };
		6FE95EAF25305CDA00304315 /* Assets.xcassets */ = {isa = PBXFileReference; lastKnownFileType = folder.assetcatalog; path = Assets.xcassets; sourceTree = "<group>"; };
		6FE95EB225305CDA00304315 /* Preview Assets.xcassets */ = {isa = PBXFileReference; lastKnownFileType = folder.assetcatalog; path = "Preview Assets.xcassets"; sourceTree = "<group>"; };
		6FE95EB425305CDA00304315 /* Info.plist */ = {isa = PBXFileReference; lastKnownFileType = text.plist.xml; path = Info.plist; sourceTree = "<group>"; };
		6FE95EB925305CDA00304315 /* Save-A-RooTests.xctest */ = {isa = PBXFileReference; explicitFileType = wrapper.cfbundle; includeInIndex = 0; path = "Save-A-RooTests.xctest"; sourceTree = BUILT_PRODUCTS_DIR; };
		6FE95EBD25305CDA00304315 /* Save_A_RooTests.swift */ = {isa = PBXFileReference; lastKnownFileType = sourcecode.swift; path = Save_A_RooTests.swift; sourceTree = "<group>"; };
		6FE95EBF25305CDA00304315 /* Info.plist */ = {isa = PBXFileReference; lastKnownFileType = text.plist.xml; path = Info.plist; sourceTree = "<group>"; };
		6FE95EC425305CDA00304315 /* Save-A-RooUITests.xctest */ = {isa = PBXFileReference; explicitFileType = wrapper.cfbundle; includeInIndex = 0; path = "Save-A-RooUITests.xctest"; sourceTree = BUILT_PRODUCTS_DIR; };
		6FE95EC825305CDA00304315 /* Save_A_RooUITests.swift */ = {isa = PBXFileReference; lastKnownFileType = sourcecode.swift; path = Save_A_RooUITests.swift; sourceTree = "<group>"; };
		6FE95ECA25305CDA00304315 /* Info.plist */ = {isa = PBXFileReference; lastKnownFileType = text.plist.xml; path = Info.plist; sourceTree = "<group>"; };
/* End PBXFileReference section */

/* Begin PBXFrameworksBuildPhase section */
		6FE95EA525305CD900304315 /* Frameworks */ = {
			isa = PBXFrameworksBuildPhase;
			buildActionMask = 2147483647;
			files = (
			);
			runOnlyForDeploymentPostprocessing = 0;
		};
		6FE95EB625305CDA00304315 /* Frameworks */ = {
			isa = PBXFrameworksBuildPhase;
			buildActionMask = 2147483647;
			files = (
			);
			runOnlyForDeploymentPostprocessing = 0;
		};
		6FE95EC125305CDA00304315 /* Frameworks */ = {
			isa = PBXFrameworksBuildPhase;
			buildActionMask = 2147483647;
			files = (
			);
			runOnlyForDeploymentPostprocessing = 0;
		};
/* End PBXFrameworksBuildPhase section */

/* Begin PBXGroup section */
		6FE95E9F25305CD900304315 = {
			isa = PBXGroup;
			children = (
				6FE95EAA25305CD900304315 /* Save-A-Roo */,
				6FE95EBC25305CDA00304315 /* Save-A-RooTests */,
				6FE95EC725305CDA00304315 /* Save-A-RooUITests */,
				6FE95EA925305CD900304315 /* Products */,
			);
			sourceTree = "<group>";
		};
		6FE95EA925305CD900304315 /* Products */ = {
			isa = PBXGroup;
			children = (
				6FE95EA825305CD900304315 /* Save-A-Roo.app */,
				6FE95EB925305CDA00304315 /* Save-A-RooTests.xctest */,
				6FE95EC425305CDA00304315 /* Save-A-RooUITests.xctest */,
			);
			name = Products;
			sourceTree = "<group>";
		};
		6FE95EAA25305CD900304315 /* Save-A-Roo */ = {
			isa = PBXGroup;
			children = (
				6FE95EAB25305CD900304315 /* Save_A_RooApp.swift */,
				6FE95EAD25305CD900304315 /* ContentView.swift */,
				6FE95EAF25305CDA00304315 /* Assets.xcassets */,
				6FE95EB425305CDA00304315 /* Info.plist */,
				6FE95EB125305CDA00304315 /* Preview Content */,
			);
			path = "Save-A-Roo";
			sourceTree = "<group>";
		};
		6FE95EB125305CDA00304315 /* Preview Content */ = {
			isa = PBXGroup;
			children = (
				6FE95EB225305CDA00304315 /* Preview Assets.xcassets */,
			);
			path = "Preview Content";
			sourceTree = "<group>";
		};
		6FE95EBC25305CDA00304315 /* Save-A-RooTests */ = {
			isa = PBXGroup;
			children = (
				6FE95EBD25305CDA00304315 /* Save_A_RooTests.swift */,
				6FE95EBF25305CDA00304315 /* Info.plist */,
			);
			path = "Save-A-RooTests";
			sourceTree = "<group>";
		};
		6FE95EC725305CDA00304315 /* Save-A-RooUITests */ = {
			isa = PBXGroup;
			children = (
				6FE95EC825305CDA00304315 /* Save_A_RooUITests.swift */,
				6FE95ECA25305CDA00304315 /* Info.plist */,
			);
			path = "Save-A-RooUITests";
			sourceTree = "<group>";
		};
/* End PBXGroup section */

/* Begin PBXNativeTarget section */
		6FE95EA725305CD900304315 /* Save-A-Roo */ = {
			isa = PBXNativeTarget;
			buildConfigurationList = 6FE95ECD25305CDA00304315 /* Build configuration list for PBXNativeTarget "Save-A-Roo" */;
			buildPhases = (
				6FE95EA425305CD900304315 /* Sources */,
				6FE95EA525305CD900304315 /* Frameworks */,
				6FE95EA625305CD900304315 /* Resources */,
			);
			buildRules = (
			);
			dependencies = (
			);
			name = "Save-A-Roo";
			productName = "Save-A-Roo";
			productReference = 6FE95EA825305CD900304315 /* Save-A-Roo.app */;
			productType = "com.apple.product-type.application";
		};
		6FE95EB825305CDA00304315 /* Save-A-RooTests */ = {
			isa = PBXNativeTarget;
			buildConfigurationList = 6FE95ED025305CDA00304315 /* Build configuration list for PBXNativeTarget "Save-A-RooTests" */;
			buildPhases = (
				6FE95EB525305CDA00304315 /* Sources */,
				6FE95EB625305CDA00304315 /* Frameworks */,
				6FE95EB725305CDA00304315 /* Resources */,
			);
			buildRules = (
			);
			dependencies = (
				6FE95EBB25305CDA00304315 /* PBXTargetDependency */,
			);
			name = "Save-A-RooTests";
			productName = "Save-A-RooTests";
			productReference = 6FE95EB925305CDA00304315 /* Save-A-RooTests.xctest */;
			productType = "com.apple.product-type.bundle.unit-test";
		};
		6FE95EC325305CDA00304315 /* Save-A-RooUITests */ = {
			isa = PBXNativeTarget;
			buildConfigurationList = 6FE95ED325305CDA00304315 /* Build configuration list for PBXNativeTarget "Save-A-RooUITests" */;
			buildPhases = (
				6FE95EC025305CDA00304315 /* Sources */,
				6FE95EC125305CDA00304315 /* Frameworks */,
				6FE95EC225305CDA00304315 /* Resources */,
			);
			buildRules = (
			);
			dependencies = (
				6FE95EC625305CDA00304315 /* PBXTargetDependency */,
			);
			name = "Save-A-RooUITests";
			productName = "Save-A-RooUITests";
			productReference = 6FE95EC425305CDA00304315 /* Save-A-RooUITests.xctest */;
			productType = "com.apple.product-type.bundle.ui-testing";
		};
/* End PBXNativeTarget section */

/* Begin PBXProject section */
		6FE95EA025305CD900304315 /* Project object */ = {
			isa = PBXProject;
			attributes = {
				LastSwiftUpdateCheck = 1200;
				LastUpgradeCheck = 1200;
				TargetAttributes = {
					6FE95EA725305CD900304315 = {
						CreatedOnToolsVersion = 12.0;
					};
					6FE95EB825305CDA00304315 = {
						CreatedOnToolsVersion = 12.0;
						TestTargetID = 6FE95EA725305CD900304315;
					};
					6FE95EC325305CDA00304315 = {
						CreatedOnToolsVersion = 12.0;
						TestTargetID = 6FE95EA725305CD900304315;
					};
				};
			};
			buildConfigurationList = 6FE95EA325305CD900304315 /* Build configuration list for PBXProject "Save-A-Roo" */;
			compatibilityVersion = "Xcode 9.3";
			developmentRegion = en;
			hasScannedForEncodings = 0;
			knownRegions = (
				en,
				Base,
			);
			mainGroup = 6FE95E9F25305CD900304315;
			productRefGroup = 6FE95EA925305CD900304315 /* Products */;
			projectDirPath = "";
			projectRoot = "";
			targets = (
				6FE95EA725305CD900304315 /* Save-A-Roo */,
				6FE95EB825305CDA00304315 /* Save-A-RooTests */,
				6FE95EC325305CDA00304315 /* Save-A-RooUITests */,
			);
		};
/* End PBXProject section */

/* Begin PBXResourcesBuildPhase section */
		6FE95EA625305CD900304315 /* Resources */ = {
			isa = PBXResourcesBuildPhase;
			buildActionMask = 2147483647;
			files = (
				6FE95EB325305CDA00304315 /* Preview Assets.xcassets in Resources */,
				6FE95EB025305CDA00304315 /* Assets.xcassets in Resources */,
			);
			runOnlyForDeploymentPostprocessing = 0;
		};
		6FE95EB725305CDA00304315 /* Resources */ = {
			isa = PBXResourcesBuildPhase;
			buildActionMask = 2147483647;
			files = (
			);
			runOnlyForDeploymentPostprocessing = 0;
		};
		6FE95EC225305CDA00304315 /* Resources */ = {
			isa = PBXResourcesBuildPhase;
			buildActionMask = 2147483647;
			files = (
			);
			runOnlyForDeploymentPostprocessing = 0;
		};
/* End PBXResourcesBuildPhase section */

/* Begin PBXSourcesBuildPhase section */
		6FE95EA425305CD900304315 /* Sources */ = {
			isa = PBXSourcesBuildPhase;
			buildActionMask = 2147483647;
			files = (
				6FE95EAE25305CD900304315 /* ContentView.swift in Sources */,
				6FE95EAC25305CD900304315 /* Save_A_RooApp.swift in Sources */,
			);
			runOnlyForDeploymentPostprocessing = 0;
		};
		6FE95EB525305CDA00304315 /* Sources */ = {
			isa = PBXSourcesBuildPhase;
			buildActionMask = 2147483647;
			files = (
				6FE95EBE25305CDA00304315 /* Save_A_RooTests.swift in Sources */,
			);
			runOnlyForDeploymentPostprocessing = 0;
		};
		6FE95EC025305CDA00304315 /* Sources */ = {
			isa = PBXSourcesBuildPhase;
			buildActionMask = 2147483647;
			files = (
				6FE95EC925305CDA00304315 /* Save_A_RooUITests.swift in Sources */,
			);
			runOnlyForDeploymentPostprocessing = 0;
		};
/* End PBXSourcesBuildPhase section */

/* Begin PBXTargetDependency section */
		6FE95EBB25305CDA00304315 /* PBXTargetDependency */ = {
			isa = PBXTargetDependency;
			target = 6FE95EA725305CD900304315 /* Save-A-Roo */;
			targetProxy = 6FE95EBA25305CDA00304315 /* PBXContainerItemProxy */;
		};
		6FE95EC625305CDA00304315 /* PBXTargetDependency */ = {
			isa = PBXTargetDependency;
			target = 6FE95EA725305CD900304315 /* Save-A-Roo */;
			targetProxy = 6FE95EC525305CDA00304315 /* PBXContainerItemProxy */;
		};
/* End PBXTargetDependency section */

/* Begin XCBuildConfiguration section */
		6FE95ECB25305CDA00304315 /* Debug */ = {
			isa = XCBuildConfiguration;
			buildSettings = {
				ALWAYS_SEARCH_USER_PATHS = NO;
				CLANG_ANALYZER_NONNULL = YES;
				CLANG_ANALYZER_NUMBER_OBJECT_CONVERSION = YES_AGGRESSIVE;
				CLANG_CXX_LANGUAGE_STANDARD = "gnu++14";
				CLANG_CXX_LIBRARY = "libc++";
				CLANG_ENABLE_MODULES = YES;
				CLANG_ENABLE_OBJC_ARC = YES;
				CLANG_ENABLE_OBJC_WEAK = YES;
				CLANG_WARN_BLOCK_CAPTURE_AUTORELEASING = YES;
				CLANG_WARN_BOOL_CONVERSION = YES;
				CLANG_WARN_COMMA = YES;
				CLANG_WARN_CONSTANT_CONVERSION = YES;
				CLANG_WARN_DEPRECATED_OBJC_IMPLEMENTATIONS = YES;
				CLANG_WARN_DIRECT_OBJC_ISA_USAGE = YES_ERROR;
				CLANG_WARN_DOCUMENTATION_COMMENTS = YES;
				CLANG_WARN_EMPTY_BODY = YES;
				CLANG_WARN_ENUM_CONVERSION = YES;
				CLANG_WARN_INFINITE_RECURSION = YES;
				CLANG_WARN_INT_CONVERSION = YES;
				CLANG_WARN_NON_LITERAL_NULL_CONVERSION = YES;
				CLANG_WARN_OBJC_IMPLICIT_RETAIN_SELF = YES;
				CLANG_WARN_OBJC_LITERAL_CONVERSION = YES;
				CLANG_WARN_OBJC_ROOT_CLASS = YES_ERROR;
				CLANG_WARN_QUOTED_INCLUDE_IN_FRAMEWORK_HEADER = YES;
				CLANG_WARN_RANGE_LOOP_ANALYSIS = YES;
				CLANG_WARN_STRICT_PROTOTYPES = YES;
				CLANG_WARN_SUSPICIOUS_MOVE = YES;
				CLANG_WARN_UNGUARDED_AVAILABILITY = YES_AGGRESSIVE;
				CLANG_WARN_UNREACHABLE_CODE = YES;
				CLANG_WARN__DUPLICATE_METHOD_MATCH = YES;
				COPY_PHASE_STRIP = NO;
				DEBUG_INFORMATION_FORMAT = dwarf;
				ENABLE_STRICT_OBJC_MSGSEND = YES;
				ENABLE_TESTABILITY = YES;
				GCC_C_LANGUAGE_STANDARD = gnu11;
				GCC_DYNAMIC_NO_PIC = NO;
				GCC_NO_COMMON_BLOCKS = YES;
				GCC_OPTIMIZATION_LEVEL = 0;
				GCC_PREPROCESSOR_DEFINITIONS = (
					"DEBUG=1",
					"$(inherited)",
				);
				GCC_WARN_64_TO_32_BIT_CONVERSION = YES;
				GCC_WARN_ABOUT_RETURN_TYPE = YES_ERROR;
				GCC_WARN_UNDECLARED_SELECTOR = YES;
				GCC_WARN_UNINITIALIZED_AUTOS = YES_AGGRESSIVE;
				GCC_WARN_UNUSED_FUNCTION = YES;
				GCC_WARN_UNUSED_VARIABLE = YES;
				IPHONEOS_DEPLOYMENT_TARGET = 14.0;
				MTL_ENABLE_DEBUG_INFO = INCLUDE_SOURCE;
				MTL_FAST_MATH = YES;
				ONLY_ACTIVE_ARCH = YES;
				SDKROOT = iphoneos;
				SWIFT_ACTIVE_COMPILATION_CONDITIONS = DEBUG;
				SWIFT_OPTIMIZATION_LEVEL = "-Onone";
			};
			name = Debug;
		};
		6FE95ECC25305CDA00304315 /* Release */ = {
			isa = XCBuildConfiguration;
			buildSettings = {
				ALWAYS_SEARCH_USER_PATHS = NO;
				CLANG_ANALYZER_NONNULL = YES;
				CLANG_ANALYZER_NUMBER_OBJECT_CONVERSION = YES_AGGRESSIVE;
				CLANG_CXX_LANGUAGE_STANDARD = "gnu++14";
				CLANG_CXX_LIBRARY = "libc++";
				CLANG_ENABLE_MODULES = YES;
				CLANG_ENABLE_OBJC_ARC = YES;
				CLANG_ENABLE_OBJC_WEAK = YES;
				CLANG_WARN_BLOCK_CAPTURE_AUTORELEASING = YES;
				CLANG_WARN_BOOL_CONVERSION = YES;
				CLANG_WARN_COMMA = YES;
				CLANG_WARN_CONSTANT_CONVERSION = YES;
				CLANG_WARN_DEPRECATED_OBJC_IMPLEMENTATIONS = YES;
				CLANG_WARN_DIRECT_OBJC_ISA_USAGE = YES_ERROR;
				CLANG_WARN_DOCUMENTATION_COMMENTS = YES;
				CLANG_WARN_EMPTY_BODY = YES;
				CLANG_WARN_ENUM_CONVERSION = YES;
				CLANG_WARN_INFINITE_RECURSION = YES;
				CLANG_WARN_INT_CONVERSION = YES;
				CLANG_WARN_NON_LITERAL_NULL_CONVERSION = YES;
				CLANG_WARN_OBJC_IMPLICIT_RETAIN_SELF = YES;
				CLANG_WARN_OBJC_LITERAL_CONVERSION = YES;
				CLANG_WARN_OBJC_ROOT_CLASS = YES_ERROR;
				CLANG_WARN_QUOTED_INCLUDE_IN_FRAMEWORK_HEADER = YES;
				CLANG_WARN_RANGE_LOOP_ANALYSIS = YES;
				CLANG_WARN_STRICT_PROTOTYPES = YES;
				CLANG_WARN_SUSPICIOUS_MOVE = YES;
				CLANG_WARN_UNGUARDED_AVAILABILITY = YES_AGGRESSIVE;
				CLANG_WARN_UNREACHABLE_CODE = YES;
				CLANG_WARN__DUPLICATE_METHOD_MATCH = YES;
				COPY_PHASE_STRIP = NO;
				DEBUG_INFORMATION_FORMAT = "dwarf-with-dsym";
				ENABLE_NS_ASSERTIONS = NO;
				ENABLE_STRICT_OBJC_MSGSEND = YES;
				GCC_C_LANGUAGE_STANDARD = gnu11;
				GCC_NO_COMMON_BLOCKS = YES;
				GCC_WARN_64_TO_32_BIT_CONVERSION = YES;
				GCC_WARN_ABOUT_RETURN_TYPE = YES_ERROR;
				GCC_WARN_UNDECLARED_SELECTOR = YES;
				GCC_WARN_UNINITIALIZED_AUTOS = YES_AGGRESSIVE;
				GCC_WARN_UNUSED_FUNCTION = YES;
				GCC_WARN_UNUSED_VARIABLE = YES;
				IPHONEOS_DEPLOYMENT_TARGET = 14.0;
				MTL_ENABLE_DEBUG_INFO = NO;
				MTL_FAST_MATH = YES;
				SDKROOT = iphoneos;
				SWIFT_COMPILATION_MODE = wholemodule;
				SWIFT_OPTIMIZATION_LEVEL = "-O";
				VALIDATE_PRODUCT = YES;
			};
			name = Release;
		};
		6FE95ECE25305CDA00304315 /* Debug */ = {
			isa = XCBuildConfiguration;
			buildSettings = {
				ASSETCATALOG_COMPILER_APPICON_NAME = AppIcon;
				ASSETCATALOG_COMPILER_GLOBAL_ACCENT_COLOR_NAME = AccentColor;
				CODE_SIGN_STYLE = Automatic;
				DEVELOPMENT_ASSET_PATHS = "\"Save-A-Roo/Preview Content\"";
				DEVELOPMENT_TEAM = KC3W5NG592;
				ENABLE_PREVIEWS = YES;
				INFOPLIST_FILE = "Save-A-Roo/Info.plist";
				IPHONEOS_DEPLOYMENT_TARGET = 14.0;
				LD_RUNPATH_SEARCH_PATHS = (
					"$(inherited)",
					"@executable_path/Frameworks",
				);
				PRODUCT_BUNDLE_IDENTIFIER = "boanas.com.Save-A-Roo";
				PRODUCT_NAME = "$(TARGET_NAME)";
				SWIFT_VERSION = 5.0;
				TARGETED_DEVICE_FAMILY = "1,2";
			};
			name = Debug;
		};
		6FE95ECF25305CDA00304315 /* Release */ = {
			isa = XCBuildConfiguration;
			buildSettings = {
				ASSETCATALOG_COMPILER_APPICON_NAME = AppIcon;
				ASSETCATALOG_COMPILER_GLOBAL_ACCENT_COLOR_NAME = AccentColor;
				CODE_SIGN_STYLE = Automatic;
				DEVELOPMENT_ASSET_PATHS = "\"Save-A-Roo/Preview Content\"";
				DEVELOPMENT_TEAM = KC3W5NG592;
				ENABLE_PREVIEWS = YES;
				INFOPLIST_FILE = "Save-A-Roo/Info.plist";
				IPHONEOS_DEPLOYMENT_TARGET = 14.0;
				LD_RUNPATH_SEARCH_PATHS = (
					"$(inherited)",
					"@executable_path/Frameworks",
				);
				PRODUCT_BUNDLE_IDENTIFIER = "boanas.com.Save-A-Roo";
				PRODUCT_NAME = "$(TARGET_NAME)";
				SWIFT_VERSION = 5.0;
				TARGETED_DEVICE_FAMILY = "1,2";
			};
			name = Release;
		};
		6FE95ED125305CDA00304315 /* Debug */ = {
			isa = XCBuildConfiguration;
			buildSettings = {
				ALWAYS_EMBED_SWIFT_STANDARD_LIBRARIES = YES;
				BUNDLE_LOADER = "$(TEST_HOST)";
				CODE_SIGN_STYLE = Automatic;
				DEVELOPMENT_TEAM = KC3W5NG592;
				INFOPLIST_FILE = "Save-A-RooTests/Info.plist";
				IPHONEOS_DEPLOYMENT_TARGET = 14.0;
				LD_RUNPATH_SEARCH_PATHS = (
					"$(inherited)",
					"@executable_path/Frameworks",
					"@loader_path/Frameworks",
				);
				PRODUCT_BUNDLE_IDENTIFIER = "boanas.com.Save-A-RooTests";
				PRODUCT_NAME = "$(TARGET_NAME)";
				SWIFT_VERSION = 5.0;
				TARGETED_DEVICE_FAMILY = "1,2";
				TEST_HOST = "$(BUILT_PRODUCTS_DIR)/Save-A-Roo.app/Save-A-Roo";
			};
			name = Debug;
		};
		6FE95ED225305CDA00304315 /* Release */ = {
			isa = XCBuildConfiguration;
			buildSettings = {
				ALWAYS_EMBED_SWIFT_STANDARD_LIBRARIES = YES;
				BUNDLE_LOADER = "$(TEST_HOST)";
				CODE_SIGN_STYLE = Automatic;
				DEVELOPMENT_TEAM = KC3W5NG592;
				INFOPLIST_FILE = "Save-A-RooTests/Info.plist";
				IPHONEOS_DEPLOYMENT_TARGET = 14.0;
				LD_RUNPATH_SEARCH_PATHS = (
					"$(inherited)",
					"@executable_path/Frameworks",
					"@loader_path/Frameworks",
				);
				PRODUCT_BUNDLE_IDENTIFIER = "boanas.com.Save-A-RooTests";
				PRODUCT_NAME = "$(TARGET_NAME)";
				SWIFT_VERSION = 5.0;
				TARGETED_DEVICE_FAMILY = "1,2";
				TEST_HOST = "$(BUILT_PRODUCTS_DIR)/Save-A-Roo.app/Save-A-Roo";
			};
			name = Release;
		};
		6FE95ED425305CDA00304315 /* Debug */ = {
			isa = XCBuildConfiguration;
			buildSettings = {
				ALWAYS_EMBED_SWIFT_STANDARD_LIBRARIES = YES;
				CODE_SIGN_STYLE = Automatic;
				DEVELOPMENT_TEAM = KC3W5NG592;
				INFOPLIST_FILE = "Save-A-RooUITests/Info.plist";
				LD_RUNPATH_SEARCH_PATHS = (
					"$(inherited)",
					"@executable_path/Frameworks",
					"@loader_path/Frameworks",
				);
				PRODUCT_BUNDLE_IDENTIFIER = "boanas.com.Save-A-RooUITests";
				PRODUCT_NAME = "$(TARGET_NAME)";
				SWIFT_VERSION = 5.0;
				TARGETED_DEVICE_FAMILY = "1,2";
				TEST_TARGET_NAME = "Save-A-Roo";
			};
			name = Debug;
		};
		6FE95ED525305CDA00304315 /* Release */ = {
			isa = XCBuildConfiguration;
			buildSettings = {
				ALWAYS_EMBED_SWIFT_STANDARD_LIBRARIES = YES;
				CODE_SIGN_STYLE = Automatic;
				DEVELOPMENT_TEAM = KC3W5NG592;
				INFOPLIST_FILE = "Save-A-RooUITests/Info.plist";
				LD_RUNPATH_SEARCH_PATHS = (
					"$(inherited)",
					"@executable_path/Frameworks",
					"@loader_path/Frameworks",
				);
				PRODUCT_BUNDLE_IDENTIFIER = "boanas.com.Save-A-RooUITests";
				PRODUCT_NAME = "$(TARGET_NAME)";
				SWIFT_VERSION = 5.0;
				TARGETED_DEVICE_FAMILY = "1,2";
				TEST_TARGET_NAME = "Save-A-Roo";
			};
			name = Release;
		};
/* End XCBuildConfiguration section */

/* Begin XCConfigurationList section */
		6FE95EA325305CD900304315 /* Build configuration list for PBXProject "Save-A-Roo" */ = {
			isa = XCConfigurationList;
			buildConfigurations = (
				6FE95ECB25305CDA00304315 /* Debug */,
				6FE95ECC25305CDA00304315 /* Release */,
			);
			defaultConfigurationIsVisible = 0;
			defaultConfigurationName = Release;
		};
		6FE95ECD25305CDA00304315 /* Build configuration list for PBXNativeTarget "Save-A-Roo" */ = {
			isa = XCConfigurationList;
			buildConfigurations = (
				6FE95ECE25305CDA00304315 /* Debug */,
				6FE95ECF25305CDA00304315 /* Release */,
			);
			defaultConfigurationIsVisible = 0;
			defaultConfigurationName = Release;
		};
		6FE95ED025305CDA00304315 /* Build configuration list for PBXNativeTarget "Save-A-RooTests" */ = {
			isa = XCConfigurationList;
			buildConfigurations = (
				6FE95ED125305CDA00304315 /* Debug */,
				6FE95ED225305CDA00304315 /* Release */,
			);
			defaultConfigurationIsVisible = 0;
			defaultConfigurationName = Release;
		};
		6FE95ED325305CDA00304315 /* Build configuration list for PBXNativeTarget "Save-A-RooUITests" */ = {
			isa = XCConfigurationList;
			buildConfigurations = (
				6FE95ED425305CDA00304315 /* Debug */,
				6FE95ED525305CDA00304315 /* Release */,
			);
			defaultConfigurationIsVisible = 0;
			defaultConfigurationName = Release;
		};
/* End XCConfigurationList section */
	};
	rootObject = 6FE95EA025305CD900304315 /* Project object */;
}
